// !$*UTF8*$!
{
	archiveVersion = 1;
	classes = {
	};
	objectVersion = 46;
	objects = {

/* Begin PBXBuildFile section */
		301516811F1551EB00D58D6E /* main.m in Sources */ = {isa = PBXBuildFile; fileRef = 301516801F1551EB00D58D6E /* main.m */; };
		301516841F1551EB00D58D6E /* AppDelegate.m in Sources */ = {isa = PBXBuildFile; fileRef = 301516831F1551EB00D58D6E /* AppDelegate.m */; };
		301516871F1551EB00D58D6E /* MasterViewController.m in Sources */ = {isa = PBXBuildFile; fileRef = 301516861F1551EB00D58D6E /* MasterViewController.m */; };
		3015168A1F1551EB00D58D6E /* DetailViewController.m in Sources */ = {isa = PBXBuildFile; fileRef = 301516891F1551EB00D58D6E /* DetailViewController.m */; };
		3015168D1F1551EB00D58D6E /* Main.storyboard in Resources */ = {isa = PBXBuildFile; fileRef = 3015168B1F1551EB00D58D6E /* Main.storyboard */; };
		3015168F1F1551EB00D58D6E /* Assets.xcassets in Resources */ = {isa = PBXBuildFile; fileRef = 3015168E1F1551EB00D58D6E /* Assets.xcassets */; };
		301516921F1551EB00D58D6E /* LaunchScreen.storyboard in Resources */ = {isa = PBXBuildFile; fileRef = 301516901F1551EB00D58D6E /* LaunchScreen.storyboard */; };
		3015169B1F1557CC00D58D6E /* Todo.m in Sources */ = {isa = PBXBuildFile; fileRef = 3015169A1F1557CC00D58D6E /* Todo.m */; };
/* End PBXBuildFile section */

/* Begin PBXFileReference section */
		3015167C1F1551EB00D58D6E /* Every.DO.app */ = {isa = PBXFileReference; explicitFileType = wrapper.application; includeInIndex = 0; path = Every.DO.app; sourceTree = BUILT_PRODUCTS_DIR; };
		301516801F1551EB00D58D6E /* main.m */ = {isa = PBXFileReference; lastKnownFileType = sourcecode.c.objc; path = main.m; sourceTree = "<group>"; };
		301516821F1551EB00D58D6E /* AppDelegate.h */ = {isa = PBXFileReference; lastKnownFileType = sourcecode.c.h; path = AppDelegate.h; sourceTree = "<group>"; };
		301516831F1551EB00D58D6E /* AppDelegate.m */ = {isa = PBXFileReference; lastKnownFileType = sourcecode.c.objc; path = AppDelegate.m; sourceTree = "<group>"; };
		301516851F1551EB00D58D6E /* MasterViewController.h */ = {isa = PBXFileReference; lastKnownFileType = sourcecode.c.h; path = MasterViewController.h; sourceTree = "<group>"; };
		301516861F1551EB00D58D6E /* MasterViewController.m */ = {isa = PBXFileReference; lastKnownFileType = sourcecode.c.objc; path = MasterViewController.m; sourceTree = "<group>"; };
		301516881F1551EB00D58D6E /* DetailViewController.h */ = {isa = PBXFileReference; lastKnownFileType = sourcecode.c.h; path = DetailViewController.h; sourceTree = "<group>"; };
		301516891F1551EB00D58D6E /* DetailViewController.m */ = {isa = PBXFileReference; lastKnownFileType = sourcecode.c.objc; path = DetailViewController.m; sourceTree = "<group>"; };
		3015168C1F1551EB00D58D6E /* Base */ = {isa = PBXFileReference; lastKnownFileType = file.storyboard; name = Base; path = Base.lproj/Main.storyboard; sourceTree = "<group>"; };
		3015168E1F1551EB00D58D6E /* Assets.xcassets */ = {isa = PBXFileReference; lastKnownFileType = folder.assetcatalog; path = Assets.xcassets; sourceTree = "<group>"; };
		301516911F1551EB00D58D6E /* Base */ = {isa = PBXFileReference; lastKnownFileType = file.storyboard; name = Base; path = Base.lproj/LaunchScreen.storyboard; sourceTree = "<group>"; };
		301516931F1551EB00D58D6E /* Info.plist */ = {isa = PBXFileReference; lastKnownFileType = text.plist.xml; path = Info.plist; sourceTree = "<group>"; };
		301516991F1557CC00D58D6E /* Todo.h */ = {isa = PBXFileReference; fileEncoding = 4; lastKnownFileType = sourcecode.c.h; path = Todo.h; sourceTree = "<group>"; };
		3015169A1F1557CC00D58D6E /* Todo.m */ = {isa = PBXFileReference; fileEncoding = 4; lastKnownFileType = sourcecode.c.objc; path = Todo.m; sourceTree = "<group>"; };
/* End PBXFileReference section */

/* Begin PBXFrameworksBuildPhase section */
		301516791F1551EB00D58D6E /* Frameworks */ = {
			isa = PBXFrameworksBuildPhase;
			buildActionMask = 2147483647;
			files = (
			);
			runOnlyForDeploymentPostprocessing = 0;
		};
/* End PBXFrameworksBuildPhase section */

/* Begin PBXGroup section */
		301516731F1551EB00D58D6E = {
			isa = PBXGroup;
			children = (
				3015167E1F1551EB00D58D6E /* Every.DO */,
				3015167D1F1551EB00D58D6E /* Products */,
			);
			sourceTree = "<group>";
		};
		3015167D1F1551EB00D58D6E /* Products */ = {
			isa = PBXGroup;
			children = (
				3015167C1F1551EB00D58D6E /* Every.DO.app */,
			);
			name = Products;
			sourceTree = "<group>";
		};
		3015167E1F1551EB00D58D6E /* Every.DO */ = {
			isa = PBXGroup;
			children = (
				3015168B1F1551EB00D58D6E /* Main.storyboard */,
				301516881F1551EB00D58D6E /* DetailViewController.h */,
				301516891F1551EB00D58D6E /* DetailViewController.m */,
				301516851F1551EB00D58D6E /* MasterViewController.h */,
				301516861F1551EB00D58D6E /* MasterViewController.m */,
				301516991F1557CC00D58D6E /* Todo.h */,
				3015169A1F1557CC00D58D6E /* Todo.m */,
				3015167F1F1551EB00D58D6E /* Supporting Files */,
			);
			path = Every.DO;
			sourceTree = "<group>";
		};
		3015167F1F1551EB00D58D6E /* Supporting Files */ = {
			isa = PBXGroup;
			children = (
				301516821F1551EB00D58D6E /* AppDelegate.h */,
				301516831F1551EB00D58D6E /* AppDelegate.m */,
				3015168E1F1551EB00D58D6E /* Assets.xcassets */,
				301516901F1551EB00D58D6E /* LaunchScreen.storyboard */,
				301516931F1551EB00D58D6E /* Info.plist */,
				301516801F1551EB00D58D6E /* main.m */,
			);
			name = "Supporting Files";
			sourceTree = "<group>";
		};
/* End PBXGroup section */

/* Begin PBXNativeTarget section */
		3015167B1F1551EB00D58D6E /* Every.DO */ = {
			isa = PBXNativeTarget;
			buildConfigurationList = 301516961F1551EB00D58D6E /* Build configuration list for PBXNativeTarget "Every.DO" */;
			buildPhases = (
				301516781F1551EB00D58D6E /* Sources */,
				301516791F1551EB00D58D6E /* Frameworks */,
				3015167A1F1551EB00D58D6E /* Resources */,
			);
			buildRules = (
			);
			dependencies = (
			);
			name = Every.DO;
			productName = Every.DO;
			productReference = 3015167C1F1551EB00D58D6E /* Every.DO.app */;
			productType = "com.apple.product-type.application";
		};
/* End PBXNativeTarget section */

/* Begin PBXProject section */
		301516741F1551EB00D58D6E /* Project object */ = {
			isa = PBXProject;
			attributes = {
				LastUpgradeCheck = 0830;
				ORGANIZATIONNAME = SamOg;
				TargetAttributes = {
					3015167B1F1551EB00D58D6E = {
						CreatedOnToolsVersion = 8.3.3;
						DevelopmentTeam = 4KJC5XPKL6;
						ProvisioningStyle = Automatic;
					};
				};
			};
			buildConfigurationList = 301516771F1551EB00D58D6E /* Build configuration list for PBXProject "Every.DO" */;
			compatibilityVersion = "Xcode 3.2";
			developmentRegion = English;
			hasScannedForEncodings = 0;
			knownRegions = (
				en,
				Base,
			);
			mainGroup = 301516731F1551EB00D58D6E;
			productRefGroup = 3015167D1F1551EB00D58D6E /* Products */;
			projectDirPath = "";
			projectRoot = "";
			targets = (
				3015167B1F1551EB00D58D6E /* Every.DO */,
			);
		};
/* End PBXProject section */

/* Begin PBXResourcesBuildPhase section */
		3015167A1F1551EB00D58D6E /* Resources */ = {
			isa = PBXResourcesBuildPhase;
			buildActionMask = 2147483647;
			files = (
				301516921F1551EB00D58D6E /* LaunchScreen.storyboard in Resources */,
				3015168F1F1551EB00D58D6E /* Assets.xcassets in Resources */,
				3015168D1F1551EB00D58D6E /* Main.storyboard in Resources */,
			);
			runOnlyForDeploymentPostprocessing = 0;
		};
/* End PBXResourcesBuildPhase section */

/* Begin PBXSourcesBuildPhase section */
		301516781F1551EB00D58D6E /* Sources */ = {
			isa = PBXSourcesBuildPhase;
			buildActionMask = 2147483647;
			files = (
				3015169B1F1557CC00D58D6E /* Todo.m in Sources */,
				301516841F1551EB00D58D6E /* AppDelegate.m in Sources */,
				301516871F1551EB00D58D6E /* MasterViewController.m in Sources */,
				301516811F1551EB00D58D6E /* main.m in Sources */,
				3015168A1F1551EB00D58D6E /* DetailViewController.m in Sources */,
			);
			runOnlyForDeploymentPostprocessing = 0;
		};
/* End PBXSourcesBuildPhase section */

/* Begin PBXVariantGroup section */
		3015168B1F1551EB00D58D6E /* Main.storyboard */ = {
			isa = PBXVariantGroup;
			children = (
				3015168C1F1551EB00D58D6E /* Base */,
			);
			name = Main.storyboard;
			sourceTree = "<group>";
		};
		301516901F1551EB00D58D6E /* LaunchScreen.storyboard */ = {
			isa = PBXVariantGroup;
			children = (
				301516911F1551EB00D58D6E /* Base */,
			);
			name = LaunchScreen.storyboard;
			sourceTree = "<group>";
		};
/* End PBXVariantGroup section */

/* Begin XCBuildConfiguration section */
		301516941F1551EB00D58D6E /* Debug */ = {
			isa = XCBuildConfiguration;
			buildSettings = {
				ALWAYS_SEARCH_USER_PATHS = NO;
				CLANG_ANALYZER_NONNULL = YES;
				CLANG_ANALYZER_NUMBER_OBJECT_CONVERSION = YES_AGGRESSIVE;
				CLANG_CXX_LANGUAGE_STANDARD = "gnu++0x";
				CLANG_CXX_LIBRARY = "libc++";
				CLANG_ENABLE_MODULES = YES;
				CLANG_ENABLE_OBJC_ARC = YES;
				CLANG_WARN_BOOL_CONVERSION = YES;
				CLANG_WARN_CONSTANT_CONVERSION = YES;
				CLANG_WARN_DIRECT_OBJC_ISA_USAGE = YES_ERROR;
				CLANG_WARN_DOCUMENTATION_COMMENTS = YES;
				CLANG_WARN_EMPTY_BODY = YES;
				CLANG_WARN_ENUM_CONVERSION = YES;
				CLANG_WARN_INFINITE_RECURSION = YES;
				CLANG_WARN_INT_CONVERSION = YES;
				CLANG_WARN_OBJC_ROOT_CLASS = YES_ERROR;
				CLANG_WARN_SUSPICIOUS_MOVE = YES;
				CLANG_WARN_UNREACHABLE_CODE = YES;
				CLANG_WARN__DUPLICATE_METHOD_MATCH = YES;
				"CODE_SIGN_IDENTITY[sdk=iphoneos*]" = "iPhone Developer";
				COPY_PHASE_STRIP = NO;
				DEBUG_INFORMATION_FORMAT = dwarf;
				ENABLE_STRICT_OBJC_MSGSEND = YES;
				ENABLE_TESTABILITY = YES;
				GCC_C_LANGUAGE_STANDARD = gnu99;
				GCC_DYNAMIC_NO_PIC = NO;
				GCC_NO_COMMON_BLOCKS = YES;
				GCC_OPTIMIZATION_LEVEL = 0;
				GCC_PREPROCESSOR_DEFINITIONS = (
					"DEBUG=1",
					"$(inherited)",
				);
				GCC_WARN_64_TO_32_BIT_CONVERSION = YES;
				GCC_WARN_ABOUT_RETURN_TYPE = YES_ERROR;
				GCC_WARN_UNDECLARED_SELECTOR = YES;
				GCC_WARN_UNINITIALIZED_AUTOS = YES_AGGRESSIVE;
				GCC_WARN_UNUSED_FUNCTION = YES;
				GCC_WARN_UNUSED_VARIABLE = YES;
				IPHONEOS_DEPLOYMENT_TARGET = 10.3;
				MTL_ENABLE_DEBUG_INFO = YES;
				ONLY_ACTIVE_ARCH = YES;
				SDKROOT = iphoneos;
				TARGETED_DEVICE_FAMILY = "1,2";
			};
			name = Debug;
		};
		301516951F1551EB00D58D6E /* Release */ = {
			isa = XCBuildConfiguration;
			buildSettings = {
				ALWAYS_SEARCH_USER_PATHS = NO;
				CLANG_ANALYZER_NONNULL = YES;
				CLANG_ANALYZER_NUMBER_OBJECT_CONVERSION = YES_AGGRESSIVE;
				CLANG_CXX_LANGUAGE_STANDARD = "gnu++0x";
				CLANG_CXX_LIBRARY = "libc++";
				CLANG_ENABLE_MODULES = YES;
				CLANG_ENABLE_OBJC_ARC = YES;
				CLANG_WARN_BOOL_CONVERSION = YES;
				CLANG_WARN_CONSTANT_CONVERSION = YES;
				CLANG_WARN_DIRECT_OBJC_ISA_USAGE = YES_ERROR;
				CLANG_WARN_DOCUMENTATION_COMMENTS = YES;
				CLANG_WARN_EMPTY_BODY = YES;
				CLANG_WARN_ENUM_CONVERSION = YES;
				CLANG_WARN_INFINITE_RECURSION = YES;
				CLANG_WARN_INT_CONVERSION = YES;
				CLANG_WARN_OBJC_ROOT_CLASS = YES_ERROR;
				CLANG_WARN_SUSPICIOUS_MOVE = YES;
				CLANG_WARN_UNREACHABLE_CODE = YES;
				CLANG_WARN__DUPLICATE_METHOD_MATCH = YES;
				"CODE_SIGN_IDENTITY[sdk=iphoneos*]" = "iPhone Developer";
				COPY_PHASE_STRIP = NO;
				DEBUG_INFORMATION_FORMAT = "dwarf-with-dsym";
				ENABLE_NS_ASSERTIONS = NO;
				ENABLE_STRICT_OBJC_MSGSEND = YES;
				GCC_C_LANGUAGE_STANDARD = gnu99;
				GCC_NO_COMMON_BLOCKS = YES;
				GCC_WARN_64_TO_32_BIT_CONVERSION = YES;
				GCC_WARN_ABOUT_RETURN_TYPE = YES_ERROR;
				GCC_WARN_UNDECLARED_SELECTOR = YES;
				GCC_WARN_UNINITIALIZED_AUTOS = YES_AGGRESSIVE;
				GCC_WARN_UNUSED_FUNCTION = YES;
				GCC_WARN_UNUSED_VARIABLE = YES;
				IPHONEOS_DEPLOYMENT_TARGET = 10.3;
				MTL_ENABLE_DEBUG_INFO = NO;
				SDKROOT = iphoneos;
				TARGETED_DEVICE_FAMILY = "1,2";
				VALIDATE_PRODUCT = YES;
			};
			name = Release;
		};
		301516971F1551EB00D58D6E /* Debug */ = {
			isa = XCBuildConfiguration;
			buildSettings = {
				ASSETCATALOG_COMPILER_APPICON_NAME = AppIcon;
				DEVELOPMENT_TEAM = 4KJC5XPKL6;
				INFOPLIST_FILE = Every.DO/Info.plist;
				LD_RUNPATH_SEARCH_PATHS = "$(inherited) @executable_path/Frameworks";
				PRODUCT_BUNDLE_IDENTIFIER = "com.samog.Every-DO";
				PRODUCT_NAME = "$(TARGET_NAME)";
			};
			name = Debug;
		};
		301516981F1551EB00D58D6E /* Release */ = {
			isa = XCBuildConfiguration;
			buildSettings = {
				ASSETCATALOG_COMPILER_APPICON_NAME = AppIcon;
				DEVELOPMENT_TEAM = 4KJC5XPKL6;
				INFOPLIST_FILE = Every.DO/Info.plist;
				LD_RUNPATH_SEARCH_PATHS = "$(inherited) @executable_path/Frameworks";
				PRODUCT_BUNDLE_IDENTIFIER = "com.samog.Every-DO";
				PRODUCT_NAME = "$(TARGET_NAME)";
			};
			name = Release;
		};
/* End XCBuildConfiguration section */

/* Begin XCConfigurationList section */
		301516771F1551EB00D58D6E /* Build configuration list for PBXProject "Every.DO" */ = {
			isa = XCConfigurationList;
			buildConfigurations = (
				301516941F1551EB00D58D6E /* Debug */,
				301516951F1551EB00D58D6E /* Release */,
			);
			defaultConfigurationIsVisible = 0;
			defaultConfigurationName = Release;
		};
		301516961F1551EB00D58D6E /* Build configuration list for PBXNativeTarget "Every.DO" */ = {
			isa = XCConfigurationList;
			buildConfigurations = (
				301516971F1551EB00D58D6E /* Debug */,
				301516981F1551EB00D58D6E /* Release */,
			);
			defaultConfigurationIsVisible = 0;
		};
/* End XCConfigurationList section */
	};
	rootObject = 301516741F1551EB00D58D6E /* Project object */;
}
